
Microsoft Visual Studio Solution File, Format Version 12.00
# Visual Studio Version 17
VisualStudioVersion = 17.4.33027.239
MinimumVisualStudioVersion = 10.0.40219.1
Project("{FAE04EC0-301F-11D3-BF4B-00C04F79EFBC}") = "XUtils", "XUtils\XUtils.csproj", "{1C8EA456-6543-40B8-85E1-36A1AF4F7A80}"
EndProject
Global
	GlobalSection(SolutionConfigurationPlatforms) = preSolution
		Debug|Any CPU = Debug|Any CPU
		Release|Any CPU = Release|Any CPU
	EndGlobalSection
	GlobalSection(ProjectConfigurationPlatforms) = postSolution
		{1C8EA456-6543-40B8-85E1-36A1AF4F7A80}.Debug|Any CPU.ActiveCfg = Debug|Any CPU
		{1C8EA456-6543-40B8-85E1-36A1AF4F7A80}.Debug|Any CPU.Build.0 = Debug|Any CPU
		{1C8EA456-6543-40B8-85E1-36A1AF4F7A80}.Release|Any CPU.ActiveCfg = Release|Any CPU
		{1C8EA456-6543-40B8-85E1-36A1AF4F7A80}.Release|Any CPU.Build.0 = Release|Any CPU
	EndGlobalSection
	GlobalSection(SolutionProperties) = preSolution
		HideSolutionNode = FALSE
	EndGlobalSection
	GlobalSection(ExtensibilityGlobals) = postSolution
		SolutionGuid = {297D4F60-BB8A-4AF1-921D-128E6A73847F}
	EndGlobalSection
EndGlobal
